// !$*UTF8*$!
{
	archiveVersion = 1;
	classes = {
	};
	objectVersion = 46;
	objects = {

/* Begin PBXBuildFile section */
		37215C3BAA040B3AB9DD5866 /* libPods-example.a in Frameworks */ = {isa = PBXBuildFile; fileRef = 4344C13A0F16E6775C7A0675 /* libPods-example.a */; };
		5426B5F71DF56EA900A4DE01 /* main.m in Sources */ = {isa = PBXBuildFile; fileRef = 5426B5F61DF56EA900A4DE01 /* main.m */; };
		5426B5FA1DF56EA900A4DE01 /* AppDelegate.m in Sources */ = {isa = PBXBuildFile; fileRef = 5426B5F91DF56EA900A4DE01 /* AppDelegate.m */; };
		5426B5FD1DF56EA900A4DE01 /* ViewController.m in Sources */ = {isa = PBXBuildFile; fileRef = 5426B5FC1DF56EA900A4DE01 /* ViewController.m */; };
		5426B6001DF56EA900A4DE01 /* Main.storyboard in Resources */ = {isa = PBXBuildFile; fileRef = 5426B5FE1DF56EA900A4DE01 /* Main.storyboard */; };
		5426B6021DF56EA900A4DE01 /* Assets.xcassets in Resources */ = {isa = PBXBuildFile; fileRef = 5426B6011DF56EA900A4DE01 /* Assets.xcassets */; };
		5426B6051DF56EA900A4DE01 /* LaunchScreen.storyboard in Resources */ = {isa = PBXBuildFile; fileRef = 5426B6031DF56EA900A4DE01 /* LaunchScreen.storyboard */; };
		547815891DF9752600F5719D /* Dot.m in Sources */ = {isa = PBXBuildFile; fileRef = 547815881DF9752600F5719D /* Dot.m */; };
		5478158C1DF9753000F5719D /* Tree.m in Sources */ = {isa = PBXBuildFile; fileRef = 5478158B1DF9753000F5719D /* Tree.m */; };
/* End PBXBuildFile section */

/* Begin PBXFileReference section */
		31621B29C82AB23257950C79 /* Pods-example.release.xcconfig */ = {isa = PBXFileReference; includeInIndex = 1; lastKnownFileType = text.xcconfig; name = "Pods-example.release.xcconfig"; path = "Pods/Target Support Files/Pods-example/Pods-example.release.xcconfig"; sourceTree = "<group>"; };
		4344C13A0F16E6775C7A0675 /* libPods-example.a */ = {isa = PBXFileReference; explicitFileType = archive.ar; includeInIndex = 0; path = "libPods-example.a"; sourceTree = BUILT_PRODUCTS_DIR; };
		5426B5F21DF56EA900A4DE01 /* example.app */ = {isa = PBXFileReference; explicitFileType = wrapper.application; includeInIndex = 0; path = example.app; sourceTree = BUILT_PRODUCTS_DIR; };
		5426B5F61DF56EA900A4DE01 /* main.m */ = {isa = PBXFileReference; lastKnownFileType = sourcecode.c.objc; path = main.m; sourceTree = "<group>"; };
		5426B5F81DF56EA900A4DE01 /* AppDelegate.h */ = {isa = PBXFileReference; lastKnownFileType = sourcecode.c.h; path = AppDelegate.h; sourceTree = "<group>"; };
		5426B5F91DF56EA900A4DE01 /* AppDelegate.m */ = {isa = PBXFileReference; lastKnownFileType = sourcecode.c.objc; path = AppDelegate.m; sourceTree = "<group>"; };
		5426B5FB1DF56EA900A4DE01 /* ViewController.h */ = {isa = PBXFileReference; lastKnownFileType = sourcecode.c.h; path = ViewController.h; sourceTree = "<group>"; };
		5426B5FC1DF56EA900A4DE01 /* ViewController.m */ = {isa = PBXFileReference; lastKnownFileType = sourcecode.c.objc; path = ViewController.m; sourceTree = "<group>"; };
		5426B5FF1DF56EA900A4DE01 /* Base */ = {isa = PBXFileReference; lastKnownFileType = file.storyboard; name = Base; path = Base.lproj/Main.storyboard; sourceTree = "<group>"; };
		5426B6011DF56EA900A4DE01 /* Assets.xcassets */ = {isa = PBXFileReference; lastKnownFileType = folder.assetcatalog; path = Assets.xcassets; sourceTree = "<group>"; };
		5426B6041DF56EA900A4DE01 /* Base */ = {isa = PBXFileReference; lastKnownFileType = file.storyboard; name = Base; path = Base.lproj/LaunchScreen.storyboard; sourceTree = "<group>"; };
		5426B6061DF56EA900A4DE01 /* Info.plist */ = {isa = PBXFileReference; lastKnownFileType = text.plist.xml; path = Info.plist; sourceTree = "<group>"; };
		547815871DF9752600F5719D /* Dot.h */ = {isa = PBXFileReference; fileEncoding = 4; lastKnownFileType = sourcecode.c.h; path = Dot.h; sourceTree = "<group>"; };
		547815881DF9752600F5719D /* Dot.m */ = {isa = PBXFileReference; fileEncoding = 4; lastKnownFileType = sourcecode.c.objc; path = Dot.m; sourceTree = "<group>"; };
		5478158A1DF9753000F5719D /* Tree.h */ = {isa = PBXFileReference; fileEncoding = 4; lastKnownFileType = sourcecode.c.h; path = Tree.h; sourceTree = "<group>"; };
		5478158B1DF9753000F5719D /* Tree.m */ = {isa = PBXFileReference; fileEncoding = 4; lastKnownFileType = sourcecode.c.objc; path = Tree.m; sourceTree = "<group>"; };
		5478158D1DF975BB00F5719D /* CompositeProtocol.h */ = {isa = PBXFileReference; fileEncoding = 4; lastKnownFileType = sourcecode.c.h; path = CompositeProtocol.h; sourceTree = "<group>"; };
		EC3186FE32816A395C34F070 /* Pods-example.debug.xcconfig */ = {isa = PBXFileReference; includeInIndex = 1; lastKnownFileType = text.xcconfig; name = "Pods-example.debug.xcconfig"; path = "Pods/Target Support Files/Pods-example/Pods-example.debug.xcconfig"; sourceTree = "<group>"; };
/* End PBXFileReference section */

/* Begin PBXFrameworksBuildPhase section */
		5426B5EF1DF56EA900A4DE01 /* Frameworks */ = {
			isa = PBXFrameworksBuildPhase;
			buildActionMask = 2147483647;
			files = (
				37215C3BAA040B3AB9DD5866 /* libPods-example.a in Frameworks */,
			);
			runOnlyForDeploymentPostprocessing = 0;
		};
/* End PBXFrameworksBuildPhase section */

/* Begin PBXGroup section */
		493DE052AF01892F29C97337 /* Pods */ = {
			isa = PBXGroup;
			children = (
				EC3186FE32816A395C34F070 /* Pods-example.debug.xcconfig */,
				31621B29C82AB23257950C79 /* Pods-example.release.xcconfig */,
			);
			name = Pods;
			sourceTree = "<group>";
		};
		5426B5E91DF56EA900A4DE01 = {
			isa = PBXGroup;
			children = (
				5426B5F41DF56EA900A4DE01 /* example */,
				5426B5F31DF56EA900A4DE01 /* Products */,
				493DE052AF01892F29C97337 /* Pods */,
				6FEE3FBE6AE705985911A8FC /* Frameworks */,
			);
			sourceTree = "<group>";
		};
		5426B5F31DF56EA900A4DE01 /* Products */ = {
			isa = PBXGroup;
			children = (
				5426B5F21DF56EA900A4DE01 /* example.app */,
			);
			name = Products;
			sourceTree = "<group>";
		};
		5426B5F41DF56EA900A4DE01 /* example */ = {
			isa = PBXGroup;
			children = (
				5426B5F81DF56EA900A4DE01 /* AppDelegate.h */,
				5426B5F91DF56EA900A4DE01 /* AppDelegate.m */,
				5426B5FB1DF56EA900A4DE01 /* ViewController.h */,
				5426B5FC1DF56EA900A4DE01 /* ViewController.m */,
				5426B5FE1DF56EA900A4DE01 /* Main.storyboard */,
				5426B6011DF56EA900A4DE01 /* Assets.xcassets */,
				5426B6031DF56EA900A4DE01 /* LaunchScreen.storyboard */,
				5426B6061DF56EA900A4DE01 /* Info.plist */,
				5426B5F51DF56EA900A4DE01 /* Supporting Files */,
				547815871DF9752600F5719D /* Dot.h */,
				547815881DF9752600F5719D /* Dot.m */,
				5478158A1DF9753000F5719D /* Tree.h */,
				5478158B1DF9753000F5719D /* Tree.m */,
				5478158D1DF975BB00F5719D /* CompositeProtocol.h */,
			);
			path = example;
			sourceTree = "<group>";
		};
		5426B5F51DF56EA900A4DE01 /* Supporting Files */ = {
			isa = PBXGroup;
			children = (
				5426B5F61DF56EA900A4DE01 /* main.m */,
			);
			name = "Supporting Files";
			sourceTree = "<group>";
		};
		6FEE3FBE6AE705985911A8FC /* Frameworks */ = {
			isa = PBXGroup;
			children = (
				4344C13A0F16E6775C7A0675 /* libPods-example.a */,
			);
			name = Frameworks;
			sourceTree = "<group>";
		};
/* End PBXGroup section */

/* Begin PBXNativeTarget section */
		5426B5F11DF56EA900A4DE01 /* example */ = {
			isa = PBXNativeTarget;
			buildConfigurationList = 5426B6091DF56EA900A4DE01 /* Build configuration list for PBXNativeTarget "example" */;
			buildPhases = (
				50DCCF6D94DAD6A840FD1E83 /* [CP] Check Pods Manifest.lock */,
				5426B5EE1DF56EA900A4DE01 /* Sources */,
				5426B5EF1DF56EA900A4DE01 /* Frameworks */,
				5426B5F01DF56EA900A4DE01 /* Resources */,
				4F59E0C2F9E6545E7E19E738 /* [CP] Embed Pods Frameworks */,
				8A34EC0C2DE21A859E55F487 /* [CP] Copy Pods Resources */,
			);
			buildRules = (
			);
			dependencies = (
			);
			name = example;
			productName = example;
			productReference = 5426B5F21DF56EA900A4DE01 /* example.app */;
			productType = "com.apple.product-type.application";
		};
/* End PBXNativeTarget section */

/* Begin PBXProject section */
		5426B5EA1DF56EA900A4DE01 /* Project object */ = {
			isa = PBXProject;
			attributes = {
				LastUpgradeCheck = 0810;
				ORGANIZATIONNAME = Michail;
				TargetAttributes = {
					5426B5F11DF56EA900A4DE01 = {
						CreatedOnToolsVersion = 8.1;
						DevelopmentTeam = UCCGTZAUL9;
						ProvisioningStyle = Automatic;
					};
				};
			};
			buildConfigurationList = 5426B5ED1DF56EA900A4DE01 /* Build configuration list for PBXProject "example" */;
			compatibilityVersion = "Xcode 3.2";
			developmentRegion = English;
			hasScannedForEncodings = 0;
			knownRegions = (
				en,
				Base,
			);
			mainGroup = 5426B5E91DF56EA900A4DE01;
			productRefGroup = 5426B5F31DF56EA900A4DE01 /* Products */;
			projectDirPath = "";
			projectRoot = "";
			targets = (
				5426B5F11DF56EA900A4DE01 /* example */,
			);
		};
/* End PBXProject section */

/* Begin PBXResourcesBuildPhase section */
		5426B5F01DF56EA900A4DE01 /* Resources */ = {
			isa = PBXResourcesBuildPhase;
			buildActionMask = 2147483647;
			files = (
				5426B6051DF56EA900A4DE01 /* LaunchScreen.storyboard in Resources */,
				5426B6021DF56EA900A4DE01 /* Assets.xcassets in Resources */,
				5426B6001DF56EA900A4DE01 /* Main.storyboard in Resources */,
			);
			runOnlyForDeploymentPostprocessing = 0;
		};
/* End PBXResourcesBuildPhase section */

/* Begin PBXShellScriptBuildPhase section */
		4F59E0C2F9E6545E7E19E738 /* [CP] Embed Pods Frameworks */ = {
			isa = PBXShellScriptBuildPhase;
			buildActionMask = 2147483647;
			files = (
			);
			inputPaths = (
			);
			name = "[CP] Embed Pods Frameworks";
			outputPaths = (
			);
			runOnlyForDeploymentPostprocessing = 0;
			shellPath = /bin/sh;
			shellScript = "\"${SRCROOT}/Pods/Target Support Files/Pods-example/Pods-example-frameworks.sh\"\n";
			showEnvVarsInLog = 0;
		};
		50DCCF6D94DAD6A840FD1E83 /* [CP] Check Pods Manifest.lock */ = {
			isa = PBXShellScriptBuildPhase;
			buildActionMask = 2147483647;
			files = (
			);
			inputPaths = (
			);
			name = "[CP] Check Pods Manifest.lock";
			outputPaths = (
			);
			runOnlyForDeploymentPostprocessing = 0;
			shellPath = /bin/sh;
			shellScript = "diff \"${PODS_ROOT}/../Podfile.lock\" \"${PODS_ROOT}/Manifest.lock\" > /dev/null\nif [[ $? != 0 ]] ; then\n    cat << EOM\nerror: The sandbox is not in sync with the Podfile.lock. Run 'pod install' or update your CocoaPods installation.\nEOM\n    exit 1\nfi\n";
			showEnvVarsInLog = 0;
		};
		8A34EC0C2DE21A859E55F487 /* [CP] Copy Pods Resources */ = {
			isa = PBXShellScriptBuildPhase;
			buildActionMask = 2147483647;
			files = (
			);
			inputPaths = (
			);
			name = "[CP] Copy Pods Resources";
			outputPaths = (
			);
			runOnlyForDeploymentPostprocessing = 0;
			shellPath = /bin/sh;
			shellScript = "\"${SRCROOT}/Pods/Target Support Files/Pods-example/Pods-example-resources.sh\"\n";
			showEnvVarsInLog = 0;
		};
/* End PBXShellScriptBuildPhase section */

/* Begin PBXSourcesBuildPhase section */
		5426B5EE1DF56EA900A4DE01 /* Sources */ = {
			isa = PBXSourcesBuildPhase;
			buildActionMask = 2147483647;
			files = (
				5478158C1DF9753000F5719D /* Tree.m in Sources */,
				5426B5FD1DF56EA900A4DE01 /* ViewController.m in Sources */,
				5426B5FA1DF56EA900A4DE01 /* AppDelegate.m in Sources */,
				5426B5F71DF56EA900A4DE01 /* main.m in Sources */,
				547815891DF9752600F5719D /* Dot.m in Sources */,
			);
			runOnlyForDeploymentPostprocessing = 0;
		};
/* End PBXSourcesBuildPhase section */

/* Begin PBXVariantGroup section */
		5426B5FE1DF56EA900A4DE01 /* Main.storyboard */ = {
			isa = PBXVariantGroup;
			children = (
				5426B5FF1DF56EA900A4DE01 /* Base */,
			);
			name = Main.storyboard;
			sourceTree = "<group>";
		};
		5426B6031DF56EA900A4DE01 /* LaunchScreen.storyboard */ = {
			isa = PBXVariantGroup;
			children = (
				5426B6041DF56EA900A4DE01 /* Base */,
			);
			name = LaunchScreen.storyboard;
			sourceTree = "<group>";
		};
/* End PBXVariantGroup section */

/* Begin XCBuildConfiguration section */
		5426B6071DF56EA900A4DE01 /* Debug */ = {
			isa = XCBuildConfiguration;
			buildSettings = {
				ALWAYS_SEARCH_USER_PATHS = NO;
				CLANG_ANALYZER_NONNULL = YES;
				CLANG_CXX_LANGUAGE_STANDARD = "gnu++0x";
				CLANG_CXX_LIBRARY = "libc++";
				CLANG_ENABLE_MODULES = YES;
				CLANG_ENABLE_OBJC_ARC = YES;
				CLANG_WARN_BOOL_CONVERSION = YES;
				CLANG_WARN_CONSTANT_CONVERSION = YES;
				CLANG_WARN_DIRECT_OBJC_ISA_USAGE = YES_ERROR;
				CLANG_WARN_DOCUMENTATION_COMMENTS = YES;
				CLANG_WARN_EMPTY_BODY = YES;
				CLANG_WARN_ENUM_CONVERSION = YES;
				CLANG_WARN_INFINITE_RECURSION = YES;
				CLANG_WARN_INT_CONVERSION = YES;
				CLANG_WARN_OBJC_ROOT_CLASS = YES_ERROR;
				CLANG_WARN_SUSPICIOUS_MOVES = YES;
				CLANG_WARN_UNREACHABLE_CODE = YES;
				CLANG_WARN__DUPLICATE_METHOD_MATCH = YES;
				"CODE_SIGN_IDENTITY[sdk=iphoneos*]" = "iPhone Developer";
				COPY_PHASE_STRIP = NO;
				DEBUG_INFORMATION_FORMAT = dwarf;
				ENABLE_STRICT_OBJC_MSGSEND = YES;
				ENABLE_TESTABILITY = YES;
				GCC_C_LANGUAGE_STANDARD = gnu99;
				GCC_DYNAMIC_NO_PIC = NO;
				GCC_NO_COMMON_BLOCKS = YES;
				GCC_OPTIMIZATION_LEVEL = 0;
				GCC_PREPROCESSOR_DEFINITIONS = (
					"DEBUG=1",
					"$(inherited)",
				);
				GCC_WARN_64_TO_32_BIT_CONVERSION = YES;
				GCC_WARN_ABOUT_RETURN_TYPE = YES_ERROR;
				GCC_WARN_UNDECLARED_SELECTOR = YES;
				GCC_WARN_UNINITIALIZED_AUTOS = YES_AGGRESSIVE;
				GCC_WARN_UNUSED_FUNCTION = YES;
				GCC_WARN_UNUSED_VARIABLE = YES;
				IPHONEOS_DEPLOYMENT_TARGET = 10.1;
				MTL_ENABLE_DEBUG_INFO = YES;
				ONLY_ACTIVE_ARCH = YES;
				SDKROOT = iphoneos;
				TARGETED_DEVICE_FAMILY = "1,2";
			};
			name = Debug;
		};
		5426B6081DF56EA900A4DE01 /* Release */ = {
			isa = XCBuildConfiguration;
			buildSettings = {
				ALWAYS_SEARCH_USER_PATHS = NO;
				CLANG_ANALYZER_NONNULL = YES;
				CLANG_CXX_LANGUAGE_STANDARD = "gnu++0x";
				CLANG_CXX_LIBRARY = "libc++";
				CLANG_ENABLE_MODULES = YES;
				CLANG_ENABLE_OBJC_ARC = YES;
				CLANG_WARN_BOOL_CONVERSION = YES;
				CLANG_WARN_CONSTANT_CONVERSION = YES;
				CLANG_WARN_DIRECT_OBJC_ISA_USAGE = YES_ERROR;
				CLANG_WARN_DOCUMENTATION_COMMENTS = YES;
				CLANG_WARN_EMPTY_BODY = YES;
				CLANG_WARN_ENUM_CONVERSION = YES;
				CLANG_WARN_INFINITE_RECURSION = YES;
				CLANG_WARN_INT_CONVERSION = YES;
				CLANG_WARN_OBJC_ROOT_CLASS = YES_ERROR;
				CLANG_WARN_SUSPICIOUS_MOVES = YES;
				CLANG_WARN_UNREACHABLE_CODE = YES;
				CLANG_WARN__DUPLICATE_METHOD_MATCH = YES;
				"CODE_SIGN_IDENTITY[sdk=iphoneos*]" = "iPhone Developer";
				COPY_PHASE_STRIP = NO;
				DEBUG_INFORMATION_FORMAT = "dwarf-with-dsym";
				ENABLE_NS_ASSERTIONS = NO;
				ENABLE_STRICT_OBJC_MSGSEND = YES;
				GCC_C_LANGUAGE_STANDARD = gnu99;
				GCC_NO_COMMON_BLOCKS = YES;
				GCC_WARN_64_TO_32_BIT_CONVERSION = YES;
				GCC_WARN_ABOUT_RETURN_TYPE = YES_ERROR;
				GCC_WARN_UNDECLARED_SELECTOR = YES;
				GCC_WARN_UNINITIALIZED_AUTOS = YES_AGGRESSIVE;
				GCC_WARN_UNUSED_FUNCTION = YES;
				GCC_WARN_UNUSED_VARIABLE = YES;
				IPHONEOS_DEPLOYMENT_TARGET = 10.1;
				MTL_ENABLE_DEBUG_INFO = NO;
				SDKROOT = iphoneos;
				TARGETED_DEVICE_FAMILY = "1,2";
				VALIDATE_PRODUCT = YES;
			};
			name = Release;
		};
		5426B60A1DF56EA900A4DE01 /* Debug */ = {
			isa = XCBuildConfiguration;
			baseConfigurationReference = EC3186FE32816A395C34F070 /* Pods-example.debug.xcconfig */;
			buildSettings = {
				ASSETCATALOG_COMPILER_APPICON_NAME = AppIcon;
				DEVELOPMENT_TEAM = UCCGTZAUL9;
				INFOPLIST_FILE = example/Info.plist;
				LD_RUNPATH_SEARCH_PATHS = "$(inherited) @executable_path/Frameworks";
				PRODUCT_BUNDLE_IDENTIFIER = com.test.example;
				PRODUCT_NAME = "$(TARGET_NAME)";
			};
			name = Debug;
		};
		5426B60B1DF56EA900A4DE01 /* Release */ = {
			isa = XCBuildConfiguration;
			baseConfigurationReference = 31621B29C82AB23257950C79 /* Pods-example.release.xcconfig */;
			buildSettings = {
				ASSETCATALOG_COMPILER_APPICON_NAME = AppIcon;
				DEVELOPMENT_TEAM = UCCGTZAUL9;
				INFOPLIST_FILE = example/Info.plist;
				LD_RUNPATH_SEARCH_PATHS = "$(inherited) @executable_path/Frameworks";
				PRODUCT_BUNDLE_IDENTIFIER = com.test.example;
				PRODUCT_NAME = "$(TARGET_NAME)";
			};
			name = Release;
		};
/* End XCBuildConfiguration section */

/* Begin XCConfigurationList section */
		5426B5ED1DF56EA900A4DE01 /* Build configuration list for PBXProject "example" */ = {
			isa = XCConfigurationList;
			buildConfigurations = (
				5426B6071DF56EA900A4DE01 /* Debug */,
				5426B6081DF56EA900A4DE01 /* Release */,
			);
			defaultConfigurationIsVisible = 0;
			defaultConfigurationName = Release;
		};
		5426B6091DF56EA900A4DE01 /* Build configuration list for PBXNativeTarget "example" */ = {
			isa = XCConfigurationList;
			buildConfigurations = (
				5426B60A1DF56EA900A4DE01 /* Debug */,
				5426B60B1DF56EA900A4DE01 /* Release */,
			);
			defaultConfigurationIsVisible = 0;
			defaultConfigurationName = Release;
		};
/* End XCConfigurationList section */
	};
	rootObject = 5426B5EA1DF56EA900A4DE01 /* Project object */;
}
